
Microsoft Visual Studio Solution File, Format Version 12.00
# Visual Studio Version 17
VisualStudioVersion = 17.14.36518.9 d17.14
MinimumVisualStudioVersion = 10.0.40219.1
Project("{FAE04EC0-301F-11D3-BF4B-00C04F79EFBC}") = "WindowsFormsApp1", "WindowsFormsApp1\WindowsFormsApp1.csproj", "{C26A1096-59B8-4E47-B41B-2D9798D09204}"
EndProject
Global
	GlobalSection(SolutionConfigurationPlatforms) = preSolution
		Debug|Any CPU = Debug|Any CPU
		Release|Any CPU = Release|Any CPU
	EndGlobalSection
	GlobalSection(ProjectConfigurationPlatforms) = postSolution
		{C26A1096-59B8-4E47-B41B-2D9798D09204}.Debug|Any CPU.ActiveCfg = Debug|Any CPU
		{C26A1096-59B8-4E47-B41B-2D9798D09204}.Debug|Any CPU.Build.0 = Debug|Any CPU
		{C26A1096-59B8-4E47-B41B-2D9798D09204}.Release|Any CPU.ActiveCfg = Release|Any CPU
		{C26A1096-59B8-4E47-B41B-2D9798D09204}.Release|Any CPU.Build.0 = Release|Any CPU
	EndGlobalSection
	GlobalSection(SolutionProperties) = preSolution
		HideSolutionNode = FALSE
	EndGlobalSection
	GlobalSection(ExtensibilityGlobals) = postSolution
		SolutionGuid = {454E108D-249B-4C21-8BC6-6E2840173900}
	EndGlobalSection
EndGlobal
